
Microsoft Visual Studio Solution File, Format Version 12.00
# Visual Studio 15
VisualStudioVersion = 15.0.28307.1145
MinimumVisualStudioVersion = 10.0.40219.1
Project("{FAE04EC0-301F-11D3-BF4B-00C04F79EFBC}") = "Day_at_Race_ultima_tentativa", "Day_at_Race_ultima_tentativa\Day_at_Race_ultima_tentativa.csproj", "{5DC3D1B0-2B9B-430F-A333-EB53C8E20FCD}"
EndProject
Global
	GlobalSection(SolutionConfigurationPlatforms) = preSolution
		Debug|Any CPU = Debug|Any CPU
		Release|Any CPU = Release|Any CPU
	EndGlobalSection
	GlobalSection(ProjectConfigurationPlatforms) = postSolution
		{5DC3D1B0-2B9B-430F-A333-EB53C8E20FCD}.Debug|Any CPU.ActiveCfg = Debug|Any CPU
		{5DC3D1B0-2B9B-430F-A333-EB53C8E20FCD}.Debug|Any CPU.Build.0 = Debug|Any CPU
		{5DC3D1B0-2B9B-430F-A333-EB53C8E20FCD}.Release|Any CPU.ActiveCfg = Release|Any CPU
		{5DC3D1B0-2B9B-430F-A333-EB53C8E20FCD}.Release|Any CPU.Build.0 = Release|Any CPU
	EndGlobalSection
	GlobalSection(SolutionProperties) = preSolution
		HideSolutionNode = FALSE
	EndGlobalSection
	GlobalSection(ExtensibilityGlobals) = postSolution
		SolutionGuid = {21138114-F5A6-4C4F-AF80-FBBDDAA632F6}
	EndGlobalSection
EndGlobal
